
Microsoft Visual Studio Solution File, Format Version 12.00
# Visual Studio 15
VisualStudioVersion = 15.0.26430.16
MinimumVisualStudioVersion = 10.0.40219.1
Project("{FAE04EC0-301F-11D3-BF4B-00C04F79EFBC}") = "Server", "Server\Server\Server.csproj", "{02DEF7A8-3C0B-4C98-A50A-EA0C5E13D5CE}"
EndProject
Project("{FAE04EC0-301F-11D3-BF4B-00C04F79EFBC}") = "pacman", "pacman\pacman\pacman\pacman.csproj", "{ECE5A838-E181-493A-B9A2-6ADD01DE37F6}"
EndProject
Project("{FAE04EC0-301F-11D3-BF4B-00C04F79EFBC}") = "RemoteServices", "RemoteServices\RemoteServices.csproj", "{86EA005F-C97E-49A1-A64D-FDF8CCCF5A97}"
EndProject
Project("{FAE04EC0-301F-11D3-BF4B-00C04F79EFBC}") = "PuppetMaster", "PuppetMaster\PuppetMaster.csproj", "{649559F7-7BAF-4B66-BE61-BEA7D5707750}"
EndProject
Global
	GlobalSection(SolutionConfigurationPlatforms) = preSolution
		Debug|Any CPU = Debug|Any CPU
		Debug|ARM = Debug|ARM
		Debug|x64 = Debug|x64
		Debug|x86 = Debug|x86
		Release|Any CPU = Release|Any CPU
		Release|ARM = Release|ARM
		Release|x64 = Release|x64
		Release|x86 = Release|x86
	EndGlobalSection
	GlobalSection(ProjectConfigurationPlatforms) = postSolution
		{02DEF7A8-3C0B-4C98-A50A-EA0C5E13D5CE}.Debug|Any CPU.ActiveCfg = Debug|Any CPU
		{02DEF7A8-3C0B-4C98-A50A-EA0C5E13D5CE}.Debug|Any CPU.Build.0 = Debug|Any CPU
		{02DEF7A8-3C0B-4C98-A50A-EA0C5E13D5CE}.Debug|ARM.ActiveCfg = Debug|Any CPU
		{02DEF7A8-3C0B-4C98-A50A-EA0C5E13D5CE}.Debug|ARM.Build.0 = Debug|Any CPU
		{02DEF7A8-3C0B-4C98-A50A-EA0C5E13D5CE}.Debug|x64.ActiveCfg = Debug|Any CPU
		{02DEF7A8-3C0B-4C98-A50A-EA0C5E13D5CE}.Debug|x64.Build.0 = Debug|Any CPU
		{02DEF7A8-3C0B-4C98-A50A-EA0C5E13D5CE}.Debug|x86.ActiveCfg = Debug|Any CPU
		{02DEF7A8-3C0B-4C98-A50A-EA0C5E13D5CE}.Debug|x86.Build.0 = Debug|Any CPU
		{02DEF7A8-3C0B-4C98-A50A-EA0C5E13D5CE}.Release|Any CPU.ActiveCfg = Release|Any CPU
		{02DEF7A8-3C0B-4C98-A50A-EA0C5E13D5CE}.Release|Any CPU.Build.0 = Release|Any CPU
		{02DEF7A8-3C0B-4C98-A50A-EA0C5E13D5CE}.Release|ARM.ActiveCfg = Release|Any CPU
		{02DEF7A8-3C0B-4C98-A50A-EA0C5E13D5CE}.Release|ARM.Build.0 = Release|Any CPU
		{02DEF7A8-3C0B-4C98-A50A-EA0C5E13D5CE}.Release|x64.ActiveCfg = Release|Any CPU
		{02DEF7A8-3C0B-4C98-A50A-EA0C5E13D5CE}.Release|x64.Build.0 = Release|Any CPU
		{02DEF7A8-3C0B-4C98-A50A-EA0C5E13D5CE}.Release|x86.ActiveCfg = Release|Any CPU
		{02DEF7A8-3C0B-4C98-A50A-EA0C5E13D5CE}.Release|x86.Build.0 = Release|Any CPU
		{ECE5A838-E181-493A-B9A2-6ADD01DE37F6}.Debug|Any CPU.ActiveCfg = Debug|Any CPU
		{ECE5A838-E181-493A-B9A2-6ADD01DE37F6}.Debug|Any CPU.Build.0 = Debug|Any CPU
		{ECE5A838-E181-493A-B9A2-6ADD01DE37F6}.Debug|ARM.ActiveCfg = Debug|Any CPU
		{ECE5A838-E181-493A-B9A2-6ADD01DE37F6}.Debug|ARM.Build.0 = Debug|Any CPU
		{ECE5A838-E181-493A-B9A2-6ADD01DE37F6}.Debug|x64.ActiveCfg = Debug|Any CPU
		{ECE5A838-E181-493A-B9A2-6ADD01DE37F6}.Debug|x64.Build.0 = Debug|Any CPU
		{ECE5A838-E181-493A-B9A2-6ADD01DE37F6}.Debug|x86.ActiveCfg = Debug|Any CPU
		{ECE5A838-E181-493A-B9A2-6ADD01DE37F6}.Debug|x86.Build.0 = Debug|Any CPU
		{ECE5A838-E181-493A-B9A2-6ADD01DE37F6}.Release|Any CPU.ActiveCfg = Release|Any CPU
		{ECE5A838-E181-493A-B9A2-6ADD01DE37F6}.Release|Any CPU.Build.0 = Release|Any CPU
		{ECE5A838-E181-493A-B9A2-6ADD01DE37F6}.Release|ARM.ActiveCfg = Release|Any CPU
		{ECE5A838-E181-493A-B9A2-6ADD01DE37F6}.Release|ARM.Build.0 = Release|Any CPU
		{ECE5A838-E181-493A-B9A2-6ADD01DE37F6}.Release|x64.ActiveCfg = Release|Any CPU
		{ECE5A838-E181-493A-B9A2-6ADD01DE37F6}.Release|x64.Build.0 = Release|Any CPU
		{ECE5A838-E181-493A-B9A2-6ADD01DE37F6}.Release|x86.ActiveCfg = Release|Any CPU
		{ECE5A838-E181-493A-B9A2-6ADD01DE37F6}.Release|x86.Build.0 = Release|Any CPU
		{86EA005F-C97E-49A1-A64D-FDF8CCCF5A97}.Debug|Any CPU.ActiveCfg = Debug|Any CPU
		{86EA005F-C97E-49A1-A64D-FDF8CCCF5A97}.Debug|Any CPU.Build.0 = Debug|Any CPU
		{86EA005F-C97E-49A1-A64D-FDF8CCCF5A97}.Debug|ARM.ActiveCfg = Debug|Any CPU
		{86EA005F-C97E-49A1-A64D-FDF8CCCF5A97}.Debug|ARM.Build.0 = Debug|Any CPU
		{86EA005F-C97E-49A1-A64D-FDF8CCCF5A97}.Debug|x64.ActiveCfg = Debug|Any CPU
		{86EA005F-C97E-49A1-A64D-FDF8CCCF5A97}.Debug|x64.Build.0 = Debug|Any CPU
		{86EA005F-C97E-49A1-A64D-FDF8CCCF5A97}.Debug|x86.ActiveCfg = Debug|Any CPU
		{86EA005F-C97E-49A1-A64D-FDF8CCCF5A97}.Debug|x86.Build.0 = Debug|Any CPU
		{86EA005F-C97E-49A1-A64D-FDF8CCCF5A97}.Release|Any CPU.ActiveCfg = Release|Any CPU
		{86EA005F-C97E-49A1-A64D-FDF8CCCF5A97}.Release|Any CPU.Build.0 = Release|Any CPU
		{86EA005F-C97E-49A1-A64D-FDF8CCCF5A97}.Release|ARM.ActiveCfg = Release|Any CPU
		{86EA005F-C97E-49A1-A64D-FDF8CCCF5A97}.Release|ARM.Build.0 = Release|Any CPU
		{86EA005F-C97E-49A1-A64D-FDF8CCCF5A97}.Release|x64.ActiveCfg = Release|Any CPU
		{86EA005F-C97E-49A1-A64D-FDF8CCCF5A97}.Release|x64.Build.0 = Release|Any CPU
		{86EA005F-C97E-49A1-A64D-FDF8CCCF5A97}.Release|x86.ActiveCfg = Release|Any CPU
		{86EA005F-C97E-49A1-A64D-FDF8CCCF5A97}.Release|x86.Build.0 = Release|Any CPU
		{649559F7-7BAF-4B66-BE61-BEA7D5707750}.Debug|Any CPU.ActiveCfg = Debug|Any CPU
		{649559F7-7BAF-4B66-BE61-BEA7D5707750}.Debug|Any CPU.Build.0 = Debug|Any CPU
		{649559F7-7BAF-4B66-BE61-BEA7D5707750}.Debug|ARM.ActiveCfg = Debug|Any CPU
		{649559F7-7BAF-4B66-BE61-BEA7D5707750}.Debug|ARM.Build.0 = Debug|Any CPU
		{649559F7-7BAF-4B66-BE61-BEA7D5707750}.Debug|x64.ActiveCfg = Debug|Any CPU
		{649559F7-7BAF-4B66-BE61-BEA7D5707750}.Debug|x64.Build.0 = Debug|Any CPU
		{649559F7-7BAF-4B66-BE61-BEA7D5707750}.Debug|x86.ActiveCfg = Debug|Any CPU
		{649559F7-7BAF-4B66-BE61-BEA7D5707750}.Debug|x86.Build.0 = Debug|Any CPU
		{649559F7-7BAF-4B66-BE61-BEA7D5707750}.Release|Any CPU.ActiveCfg = Release|Any CPU
		{649559F7-7BAF-4B66-BE61-BEA7D5707750}.Release|Any CPU.Build.0 = Release|Any CPU
		{649559F7-7BAF-4B66-BE61-BEA7D5707750}.Release|ARM.ActiveCfg = Release|Any CPU
		{649559F7-7BAF-4B66-BE61-BEA7D5707750}.Release|ARM.Build.0 = Release|Any CPU
		{649559F7-7BAF-4B66-BE61-BEA7D5707750}.Release|x64.ActiveCfg = Release|Any CPU
		{649559F7-7BAF-4B66-BE61-BEA7D5707750}.Release|x64.Build.0 = Release|Any CPU
		{649559F7-7BAF-4B66-BE61-BEA7D5707750}.Release|x86.ActiveCfg = Release|Any CPU
		{649559F7-7BAF-4B66-BE61-BEA7D5707750}.Release|x86.Build.0 = Release|Any CPU
	EndGlobalSection
	GlobalSection(SolutionProperties) = preSolution
		HideSolutionNode = FALSE
	EndGlobalSection
	GlobalSection(ExtensibilityGlobals) = postSolution
		SolutionGuid = {45F106A9-EF46-4D22-B6E9-DD6347082C01}
	EndGlobalSection
EndGlobal
